
Microsoft Visual Studio Solution File, Format Version 12.00
# Visual Studio 15
VisualStudioVersion = 15.0.26124.0
MinimumVisualStudioVersion = 15.0.26124.0
Project("{FAE04EC0-301F-11D3-BF4B-00C04F79EFBC}") = "Domain", "Domain\Domain.csproj", "{3557823B-55A9-4971-979E-16E6E375825A}"
EndProject
Project("{FAE04EC0-301F-11D3-BF4B-00C04F79EFBC}") = "Shared", "Shared\Shared.csproj", "{5B17F1D5-B706-4CFC-A4B1-547BEFCA07CF}"
EndProject
Project("{FAE04EC0-301F-11D3-BF4B-00C04F79EFBC}") = "Tests", "Tests\Tests.csproj", "{AE1E5699-509E-4EE1-8D9D-2E8A73E88ECC}"
EndProject
Project("{FAE04EC0-301F-11D3-BF4B-00C04F79EFBC}") = "Persistence", "Persistence\Persistence.csproj", "{D84F9C36-1364-427A-A22B-919141AFF0DA}"
EndProject
Global
	GlobalSection(SolutionConfigurationPlatforms) = preSolution
		Debug|Any CPU = Debug|Any CPU
		Debug|x64 = Debug|x64
		Debug|x86 = Debug|x86
		Release|Any CPU = Release|Any CPU
		Release|x64 = Release|x64
		Release|x86 = Release|x86
	EndGlobalSection
	GlobalSection(SolutionProperties) = preSolution
		HideSolutionNode = FALSE
	EndGlobalSection
	GlobalSection(ProjectConfigurationPlatforms) = postSolution
		{3557823B-55A9-4971-979E-16E6E375825A}.Debug|Any CPU.ActiveCfg = Debug|Any CPU
		{3557823B-55A9-4971-979E-16E6E375825A}.Debug|Any CPU.Build.0 = Debug|Any CPU
		{3557823B-55A9-4971-979E-16E6E375825A}.Debug|x64.ActiveCfg = Debug|Any CPU
		{3557823B-55A9-4971-979E-16E6E375825A}.Debug|x64.Build.0 = Debug|Any CPU
		{3557823B-55A9-4971-979E-16E6E375825A}.Debug|x86.ActiveCfg = Debug|Any CPU
		{3557823B-55A9-4971-979E-16E6E375825A}.Debug|x86.Build.0 = Debug|Any CPU
		{3557823B-55A9-4971-979E-16E6E375825A}.Release|Any CPU.ActiveCfg = Release|Any CPU
		{3557823B-55A9-4971-979E-16E6E375825A}.Release|Any CPU.Build.0 = Release|Any CPU
		{3557823B-55A9-4971-979E-16E6E375825A}.Release|x64.ActiveCfg = Release|Any CPU
		{3557823B-55A9-4971-979E-16E6E375825A}.Release|x64.Build.0 = Release|Any CPU
		{3557823B-55A9-4971-979E-16E6E375825A}.Release|x86.ActiveCfg = Release|Any CPU
		{3557823B-55A9-4971-979E-16E6E375825A}.Release|x86.Build.0 = Release|Any CPU
		{5B17F1D5-B706-4CFC-A4B1-547BEFCA07CF}.Debug|Any CPU.ActiveCfg = Debug|Any CPU
		{5B17F1D5-B706-4CFC-A4B1-547BEFCA07CF}.Debug|Any CPU.Build.0 = Debug|Any CPU
		{5B17F1D5-B706-4CFC-A4B1-547BEFCA07CF}.Debug|x64.ActiveCfg = Debug|Any CPU
		{5B17F1D5-B706-4CFC-A4B1-547BEFCA07CF}.Debug|x64.Build.0 = Debug|Any CPU
		{5B17F1D5-B706-4CFC-A4B1-547BEFCA07CF}.Debug|x86.ActiveCfg = Debug|Any CPU
		{5B17F1D5-B706-4CFC-A4B1-547BEFCA07CF}.Debug|x86.Build.0 = Debug|Any CPU
		{5B17F1D5-B706-4CFC-A4B1-547BEFCA07CF}.Release|Any CPU.ActiveCfg = Release|Any CPU
		{5B17F1D5-B706-4CFC-A4B1-547BEFCA07CF}.Release|Any CPU.Build.0 = Release|Any CPU
		{5B17F1D5-B706-4CFC-A4B1-547BEFCA07CF}.Release|x64.ActiveCfg = Release|Any CPU
		{5B17F1D5-B706-4CFC-A4B1-547BEFCA07CF}.Release|x64.Build.0 = Release|Any CPU
		{5B17F1D5-B706-4CFC-A4B1-547BEFCA07CF}.Release|x86.ActiveCfg = Release|Any CPU
		{5B17F1D5-B706-4CFC-A4B1-547BEFCA07CF}.Release|x86.Build.0 = Release|Any CPU
		{AE1E5699-509E-4EE1-8D9D-2E8A73E88ECC}.Debug|Any CPU.ActiveCfg = Debug|Any CPU
		{AE1E5699-509E-4EE1-8D9D-2E8A73E88ECC}.Debug|Any CPU.Build.0 = Debug|Any CPU
		{AE1E5699-509E-4EE1-8D9D-2E8A73E88ECC}.Debug|x64.ActiveCfg = Debug|Any CPU
		{AE1E5699-509E-4EE1-8D9D-2E8A73E88ECC}.Debug|x64.Build.0 = Debug|Any CPU
		{AE1E5699-509E-4EE1-8D9D-2E8A73E88ECC}.Debug|x86.ActiveCfg = Debug|Any CPU
		{AE1E5699-509E-4EE1-8D9D-2E8A73E88ECC}.Debug|x86.Build.0 = Debug|Any CPU
		{AE1E5699-509E-4EE1-8D9D-2E8A73E88ECC}.Release|Any CPU.ActiveCfg = Release|Any CPU
		{AE1E5699-509E-4EE1-8D9D-2E8A73E88ECC}.Release|Any CPU.Build.0 = Release|Any CPU
		{AE1E5699-509E-4EE1-8D9D-2E8A73E88ECC}.Release|x64.ActiveCfg = Release|Any CPU
		{AE1E5699-509E-4EE1-8D9D-2E8A73E88ECC}.Release|x64.Build.0 = Release|Any CPU
		{AE1E5699-509E-4EE1-8D9D-2E8A73E88ECC}.Release|x86.ActiveCfg = Release|Any CPU
		{AE1E5699-509E-4EE1-8D9D-2E8A73E88ECC}.Release|x86.Build.0 = Release|Any CPU
		{D84F9C36-1364-427A-A22B-919141AFF0DA}.Debug|Any CPU.ActiveCfg = Debug|Any CPU
		{D84F9C36-1364-427A-A22B-919141AFF0DA}.Debug|Any CPU.Build.0 = Debug|Any CPU
		{D84F9C36-1364-427A-A22B-919141AFF0DA}.Debug|x64.ActiveCfg = Debug|Any CPU
		{D84F9C36-1364-427A-A22B-919141AFF0DA}.Debug|x64.Build.0 = Debug|Any CPU
		{D84F9C36-1364-427A-A22B-919141AFF0DA}.Debug|x86.ActiveCfg = Debug|Any CPU
		{D84F9C36-1364-427A-A22B-919141AFF0DA}.Debug|x86.Build.0 = Debug|Any CPU
		{D84F9C36-1364-427A-A22B-919141AFF0DA}.Release|Any CPU.ActiveCfg = Release|Any CPU
		{D84F9C36-1364-427A-A22B-919141AFF0DA}.Release|Any CPU.Build.0 = Release|Any CPU
		{D84F9C36-1364-427A-A22B-919141AFF0DA}.Release|x64.ActiveCfg = Release|Any CPU
		{D84F9C36-1364-427A-A22B-919141AFF0DA}.Release|x64.Build.0 = Release|Any CPU
		{D84F9C36-1364-427A-A22B-919141AFF0DA}.Release|x86.ActiveCfg = Release|Any CPU
		{D84F9C36-1364-427A-A22B-919141AFF0DA}.Release|x86.Build.0 = Release|Any CPU
	EndGlobalSection
EndGlobal
